<Solution>
  <Project Path="CameraCheckTest/CameraCheckTest.csproj" />
  <Project Path="GreenWoodParking.API/GreenWoodParking.API.csproj" Id="40c5f6c3-e94a-4d25-bf23-731d49e14baf" />
  <Project Path="GreenWoodParking.Shared/GreenWoodParking.Shared.csproj" Id="0727426b-9c7a-49ee-9e8c-33da7322e28c" />
  <Project Path="ObjectDetection/YOLO26.Shared/YOLO26.Shared.csproj" />
</Solution>
